
Microsoft Visual Studio Solution File, Format Version 12.00
# Visual Studio Version 17
VisualStudioVersion = 17.9.34714.143
MinimumVisualStudioVersion = 10.0.40219.1
Project("{9A19103F-16F7-4668-BE54-9A1E7A4F7556}") = "Generics", "Generics\Generics.csproj", "{8AB9C457-0E52-40DF-B31B-299A439BA218}"
EndProject
Project("{9A19103F-16F7-4668-BE54-9A1E7A4F7556}") = "Delegates", "Delegates\Delegates.csproj", "{6FF36557-F8AF-4433-BFF3-C32A1FE7A8FC}"
EndProject
Project("{9A19103F-16F7-4668-BE54-9A1E7A4F7556}") = "LambdaExpressions", "LambdaExpressions\LambdaExpressions.csproj", "{6BEF9396-99A9-46B4-AD41-6AA9C6AA1119}"
EndProject
Project("{FAE04EC0-301F-11D3-BF4B-00C04F79EFBC}") = "EventsAndDelegates", "EventsAndDelegates\EventsAndDelegates.csproj", "{DFA0EAA2-040B-4B19-86DB-0D49BF24E9E7}"
EndProject
Global
	GlobalSection(SolutionConfigurationPlatforms) = preSolution
		Debug|Any CPU = Debug|Any CPU
		Release|Any CPU = Release|Any CPU
	EndGlobalSection
	GlobalSection(ProjectConfigurationPlatforms) = postSolution
		{8AB9C457-0E52-40DF-B31B-299A439BA218}.Debug|Any CPU.ActiveCfg = Debug|Any CPU
		{8AB9C457-0E52-40DF-B31B-299A439BA218}.Debug|Any CPU.Build.0 = Debug|Any CPU
		{8AB9C457-0E52-40DF-B31B-299A439BA218}.Release|Any CPU.ActiveCfg = Release|Any CPU
		{8AB9C457-0E52-40DF-B31B-299A439BA218}.Release|Any CPU.Build.0 = Release|Any CPU
		{6FF36557-F8AF-4433-BFF3-C32A1FE7A8FC}.Debug|Any CPU.ActiveCfg = Debug|Any CPU
		{6FF36557-F8AF-4433-BFF3-C32A1FE7A8FC}.Debug|Any CPU.Build.0 = Debug|Any CPU
		{6FF36557-F8AF-4433-BFF3-C32A1FE7A8FC}.Release|Any CPU.ActiveCfg = Release|Any CPU
		{6FF36557-F8AF-4433-BFF3-C32A1FE7A8FC}.Release|Any CPU.Build.0 = Release|Any CPU
		{6BEF9396-99A9-46B4-AD41-6AA9C6AA1119}.Debug|Any CPU.ActiveCfg = Debug|Any CPU
		{6BEF9396-99A9-46B4-AD41-6AA9C6AA1119}.Debug|Any CPU.Build.0 = Debug|Any CPU
		{6BEF9396-99A9-46B4-AD41-6AA9C6AA1119}.Release|Any CPU.ActiveCfg = Release|Any CPU
		{6BEF9396-99A9-46B4-AD41-6AA9C6AA1119}.Release|Any CPU.Build.0 = Release|Any CPU
		{DFA0EAA2-040B-4B19-86DB-0D49BF24E9E7}.Debug|Any CPU.ActiveCfg = Debug|Any CPU
		{DFA0EAA2-040B-4B19-86DB-0D49BF24E9E7}.Debug|Any CPU.Build.0 = Debug|Any CPU
		{DFA0EAA2-040B-4B19-86DB-0D49BF24E9E7}.Release|Any CPU.ActiveCfg = Release|Any CPU
		{DFA0EAA2-040B-4B19-86DB-0D49BF24E9E7}.Release|Any CPU.Build.0 = Release|Any CPU
	EndGlobalSection
	GlobalSection(SolutionProperties) = preSolution
		HideSolutionNode = FALSE
	EndGlobalSection
	GlobalSection(ExtensibilityGlobals) = postSolution
		SolutionGuid = {E4D0D7CE-2803-46BB-941B-F5620135B4C0}
	EndGlobalSection
EndGlobal
